
Microsoft Visual Studio Solution File, Format Version 12.00
# Visual Studio 15
VisualStudioVersion = 15.0.26403.7
MinimumVisualStudioVersion = 10.0.40219.1
Project("{8BC9CEB8-8B4A-11D0-8D11-00A0C91BC942}") = "WarGame", "Wargame.vcxproj", "{8991DFE5-B561-4E9C-8DC8-8DF8E043CC7C}"
EndProject
Project("{8BC9CEB8-8B4A-11D0-8D11-00A0C91BC942}") = "Server", "..\Server\Server.vcxproj", "{25B02BF4-ED0A-4D2F-BF13-0E8EEB1F03C4}"
EndProject
Global
	GlobalSection(SolutionConfigurationPlatforms) = preSolution
		Debug|x64 = Debug|x64
		Debug|x86 = Debug|x86
		Release|x64 = Release|x64
		Release|x86 = Release|x86
	EndGlobalSection
	GlobalSection(ProjectConfigurationPlatforms) = postSolution
		{8991DFE5-B561-4E9C-8DC8-8DF8E043CC7C}.Debug|x64.ActiveCfg = Debug|x64
		{8991DFE5-B561-4E9C-8DC8-8DF8E043CC7C}.Debug|x64.Build.0 = Debug|x64
		{8991DFE5-B561-4E9C-8DC8-8DF8E043CC7C}.Debug|x86.ActiveCfg = Debug|Win32
		{8991DFE5-B561-4E9C-8DC8-8DF8E043CC7C}.Debug|x86.Build.0 = Debug|Win32
		{8991DFE5-B561-4E9C-8DC8-8DF8E043CC7C}.Release|x64.ActiveCfg = Release|x64
		{8991DFE5-B561-4E9C-8DC8-8DF8E043CC7C}.Release|x64.Build.0 = Release|x64
		{8991DFE5-B561-4E9C-8DC8-8DF8E043CC7C}.Release|x86.ActiveCfg = Release|Win32
		{8991DFE5-B561-4E9C-8DC8-8DF8E043CC7C}.Release|x86.Build.0 = Release|Win32
		{25B02BF4-ED0A-4D2F-BF13-0E8EEB1F03C4}.Debug|x64.ActiveCfg = Debug|x64
		{25B02BF4-ED0A-4D2F-BF13-0E8EEB1F03C4}.Debug|x64.Build.0 = Debug|x64
		{25B02BF4-ED0A-4D2F-BF13-0E8EEB1F03C4}.Debug|x86.ActiveCfg = Debug|Win32
		{25B02BF4-ED0A-4D2F-BF13-0E8EEB1F03C4}.Debug|x86.Build.0 = Debug|Win32
		{25B02BF4-ED0A-4D2F-BF13-0E8EEB1F03C4}.Release|x64.ActiveCfg = Release|x64
		{25B02BF4-ED0A-4D2F-BF13-0E8EEB1F03C4}.Release|x64.Build.0 = Release|x64
		{25B02BF4-ED0A-4D2F-BF13-0E8EEB1F03C4}.Release|x86.ActiveCfg = Release|Win32
		{25B02BF4-ED0A-4D2F-BF13-0E8EEB1F03C4}.Release|x86.Build.0 = Release|Win32
	EndGlobalSection
	GlobalSection(SolutionProperties) = preSolution
		HideSolutionNode = FALSE
	EndGlobalSection
EndGlobal
