<?xml version="1.0" encoding="UTF-8" standalone="yes" ?>
<CodeBlocks_project_file>
	<FileVersion major="1" minor="6" />
	<Project>
		<Option title="Game" />
		<Option pch_mode="2" />
		<Option compiler="gcc" />
		<Build>
			<Target title="Debug">
				<Option output="bin/Debug/Game" prefix_auto="1" extension_auto="1" />
				<Option object_output="obj/Debug/" />
				<Option type="1" />
				<Option compiler="gcc" />
				<Compiler>
					<Add option="-g" />
					<Add directory="include" />
				</Compiler>
			</Target>
			<Target title="Release">
				<Option output="bin/Release/Game" prefix_auto="1" extension_auto="1" />
				<Option object_output="obj/Release/" />
				<Option type="0" />
				<Option compiler="gcc" />
				<Compiler>
					<Add option="-O2" />
					<Add directory="include" />
				</Compiler>
				<Linker>
					<Add option="-s" />
				</Linker>
			</Target>
		</Build>
		<Compiler>
			<Add option="-Wall" />
			<Add directory="$(#sdl.include)" />
			<Add directory="C:/Program Files (x86)/CodeBlocks/SDL2-2.0.5/include" />
		</Compiler>
		<Linker>
			<Add option="-lmingw32" />
			<Add option="-lSDL2main" />
			<Add option="-lSDL2" />
			<Add option="-lSDL2_image" />
			<Add option="-lSDL_ttf" />
			<Add option="-lws2_32" />
			<Add option="-pthread" />
			<Add option="-lpthread" />
			<Add library="mingw32" />
			<Add library="user32" />
			<Add library="gdi32" />
			<Add library="winmm" />
			<Add library="dxguid" />
			<Add library="pthread_lib/lib/libpthreadGC2.a" />
			<Add directory="$(#sdl.lib)" />
			<Add directory="C:/Program Files (x86)/CodeBlocks/SDL2-2.0.5/lib" />
		</Linker>
		<Unit filename="include/Engine.h" />
		<Unit filename="include/Item.h" />
		<Unit filename="include/Packet.h" />
		<Unit filename="include/Player.h" />
		<Unit filename="include/Socket.h" />
		<Unit filename="include/client.h" />
		<Unit filename="include/ft_Engine.h" />
		<Unit filename="include/ft_Menu.h" />
		<Unit filename="include/ft_SDL.h" />
		<Unit filename="include/ft_UserPreferences.h" />
		<Unit filename="include/main.h" />
		<Unit filename="include/sprite.h" />
		<Unit filename="main.c">
			<Option compilerVar="CC" />
		</Unit>
		<Unit filename="src/ft_Engine.c">
			<Option compilerVar="CC" />
		</Unit>
		<Unit filename="src/ft_Menu.c">
			<Option compilerVar="CC" />
		</Unit>
		<Unit filename="src/ft_SDL.c">
			<Option compilerVar="CC" />
		</Unit>
		<Unit filename="src/ft_UserPreferences.c">
			<Option compilerVar="CC" />
		</Unit>
		<Unit filename="src/ft_socket.c">
			<Option compilerVar="CC" />
		</Unit>
		<Extensions>
			<code_completion />
			<envvars />
			<debugger />
		</Extensions>
	</Project>
</CodeBlocks_project_file>
